
Microsoft Visual Studio Solution File, Format Version 12.00
# Visual Studio Version 16
VisualStudioVersion = 16.0.31005.135
MinimumVisualStudioVersion = 10.0.40219.1
Project("{9A19103F-16F7-4668-BE54-9A1E7A4F7556}") = "Entities", "Entities\Entities.csproj", "{567A8BF6-242D-4E5D-BC16-4484B67F5F0E}"
EndProject
Project("{9A19103F-16F7-4668-BE54-9A1E7A4F7556}") = "DataAccess", "DataAccess\DataAccess.csproj", "{457FAD47-678E-46D7-B296-B5DB1B5661FF}"
EndProject
Project("{9A19103F-16F7-4668-BE54-9A1E7A4F7556}") = "Business", "Business\Business.csproj", "{740889B4-B000-4141-BC7C-76722A2B63A4}"
EndProject
Project("{9A19103F-16F7-4668-BE54-9A1E7A4F7556}") = "ConsoleUI", "ConsoleUI\ConsoleUI.csproj", "{DB00C69A-66B8-4866-B45F-63B314180BBA}"
EndProject
Project("{9A19103F-16F7-4668-BE54-9A1E7A4F7556}") = "Core", "Core\Core.csproj", "{E53C65BF-3442-40E5-8FBC-C72CDBA92D55}"
EndProject
Project("{FAE04EC0-301F-11D3-BF4B-00C04F79EFBC}") = "WebAPI", "WebAPI\WebAPI.csproj", "{9AFCF14F-4299-4FC5-A67C-4485EE3B9093}"
EndProject
Global
	GlobalSection(SolutionConfigurationPlatforms) = preSolution
		Debug|Any CPU = Debug|Any CPU
		Release|Any CPU = Release|Any CPU
	EndGlobalSection
	GlobalSection(ProjectConfigurationPlatforms) = postSolution
		{567A8BF6-242D-4E5D-BC16-4484B67F5F0E}.Debug|Any CPU.ActiveCfg = Debug|Any CPU
		{567A8BF6-242D-4E5D-BC16-4484B67F5F0E}.Debug|Any CPU.Build.0 = Debug|Any CPU
		{567A8BF6-242D-4E5D-BC16-4484B67F5F0E}.Release|Any CPU.ActiveCfg = Release|Any CPU
		{567A8BF6-242D-4E5D-BC16-4484B67F5F0E}.Release|Any CPU.Build.0 = Release|Any CPU
		{457FAD47-678E-46D7-B296-B5DB1B5661FF}.Debug|Any CPU.ActiveCfg = Debug|Any CPU
		{457FAD47-678E-46D7-B296-B5DB1B5661FF}.Debug|Any CPU.Build.0 = Debug|Any CPU
		{457FAD47-678E-46D7-B296-B5DB1B5661FF}.Release|Any CPU.ActiveCfg = Release|Any CPU
		{457FAD47-678E-46D7-B296-B5DB1B5661FF}.Release|Any CPU.Build.0 = Release|Any CPU
		{740889B4-B000-4141-BC7C-76722A2B63A4}.Debug|Any CPU.ActiveCfg = Debug|Any CPU
		{740889B4-B000-4141-BC7C-76722A2B63A4}.Debug|Any CPU.Build.0 = Debug|Any CPU
		{740889B4-B000-4141-BC7C-76722A2B63A4}.Release|Any CPU.ActiveCfg = Release|Any CPU
		{740889B4-B000-4141-BC7C-76722A2B63A4}.Release|Any CPU.Build.0 = Release|Any CPU
		{DB00C69A-66B8-4866-B45F-63B314180BBA}.Debug|Any CPU.ActiveCfg = Debug|Any CPU
		{DB00C69A-66B8-4866-B45F-63B314180BBA}.Debug|Any CPU.Build.0 = Debug|Any CPU
		{DB00C69A-66B8-4866-B45F-63B314180BBA}.Release|Any CPU.ActiveCfg = Release|Any CPU
		{DB00C69A-66B8-4866-B45F-63B314180BBA}.Release|Any CPU.Build.0 = Release|Any CPU
		{E53C65BF-3442-40E5-8FBC-C72CDBA92D55}.Debug|Any CPU.ActiveCfg = Debug|Any CPU
		{E53C65BF-3442-40E5-8FBC-C72CDBA92D55}.Debug|Any CPU.Build.0 = Debug|Any CPU
		{E53C65BF-3442-40E5-8FBC-C72CDBA92D55}.Release|Any CPU.ActiveCfg = Release|Any CPU
		{E53C65BF-3442-40E5-8FBC-C72CDBA92D55}.Release|Any CPU.Build.0 = Release|Any CPU
		{9AFCF14F-4299-4FC5-A67C-4485EE3B9093}.Debug|Any CPU.ActiveCfg = Debug|Any CPU
		{9AFCF14F-4299-4FC5-A67C-4485EE3B9093}.Debug|Any CPU.Build.0 = Debug|Any CPU
		{9AFCF14F-4299-4FC5-A67C-4485EE3B9093}.Release|Any CPU.ActiveCfg = Release|Any CPU
		{9AFCF14F-4299-4FC5-A67C-4485EE3B9093}.Release|Any CPU.Build.0 = Release|Any CPU
	EndGlobalSection
	GlobalSection(SolutionProperties) = preSolution
		HideSolutionNode = FALSE
	EndGlobalSection
	GlobalSection(ExtensibilityGlobals) = postSolution
		SolutionGuid = {0B43E923-E4E5-4983-8A93-179E6BE748C2}
	EndGlobalSection
EndGlobal
